
Microsoft Visual Studio Solution File, Format Version 12.00
# Visual Studio Version 16
VisualStudioVersion = 16.6.30114.105
MinimumVisualStudioVersion = 10.0.40219.1
Project("{FAE04EC0-301F-11D3-BF4B-00C04F79EFBC}") = "ApiGateways", "ApiGateways\ApiGateways.csproj", "{54D2E873-5E16-4090-BDC7-5BA0242C858A}"
EndProject
Project("{2150E333-8FDC-42A3-9474-1A3956D46DE8}") = "Services", "Services", "{D5351D57-8651-4863-9E4B-7A841A73062A}"
EndProject
Project("{FAE04EC0-301F-11D3-BF4B-00C04F79EFBC}") = "Shared", "Services\Shared\Shared.csproj", "{BA5F3607-4043-4A7E-9926-657C98D07980}"
EndProject
Project("{2150E333-8FDC-42A3-9474-1A3956D46DE8}") = "meetings-api", "meetings-api", "{CAF759C3-0216-464F-B63A-519320809166}"
EndProject
Project("{FAE04EC0-301F-11D3-BF4B-00C04F79EFBC}") = "Meetings.API", "Services\meetings-api\Meetings.API\Meetings.API.csproj", "{7D4366A1-3579-4229-B28A-4E782875058B}"
EndProject
Project("{FAE04EC0-301F-11D3-BF4B-00C04F79EFBC}") = "Meetings.Domain", "Services\meetings-api\Meetings.Domain\Meetings.Domain.csproj", "{8E5C7DCA-766E-4ECE-B3E6-D18D5398FFB2}"
EndProject
Project("{FAE04EC0-301F-11D3-BF4B-00C04F79EFBC}") = "Meetings.Infra", "Services\meetings-api\Meetings.Infra\Meetings.Infra.csproj", "{C9FEF670-AC49-4BCD-92F1-3D91DBCD5A17}"
EndProject
Project("{2150E333-8FDC-42A3-9474-1A3956D46DE8}") = "notifications-api", "notifications-api", "{610EC413-23F8-43BA-AA6B-D12E72C0B96E}"
EndProject
Project("{FAE04EC0-301F-11D3-BF4B-00C04F79EFBC}") = "Notifications.API", "Services\notifications-api\Notifications.API\Notifications.API.csproj", "{7AF6BCBC-4234-4444-8593-702DB75CF2BF}"
EndProject
Project("{FAE04EC0-301F-11D3-BF4B-00C04F79EFBC}") = "Notifications.Infra", "Services\notifications-api\Notifications.Infra\Notifications.Infra.csproj", "{25812063-5177-471C-9433-11A4C765AF4F}"
EndProject
Project("{2150E333-8FDC-42A3-9474-1A3956D46DE8}") = "users-api", "users-api", "{729693DC-E319-47C9-9718-FE228CDDDCAB}"
EndProject
Project("{FAE04EC0-301F-11D3-BF4B-00C04F79EFBC}") = "Users.API", "Services\users-api\Users.API\Users.API.csproj", "{03D938D6-F9F3-4EE7-B163-2838BF3640B6}"
EndProject
Project("{FAE04EC0-301F-11D3-BF4B-00C04F79EFBC}") = "Users.Domain", "Services\users-api\Users.Domain\Users.Domain.csproj", "{BDA3B492-110A-4964-BC7D-58DA9C70ED19}"
EndProject
Project("{FAE04EC0-301F-11D3-BF4B-00C04F79EFBC}") = "Users.Infra", "Services\users-api\Users.Infra\Users.Infra.csproj", "{88C069D4-D97C-4A20-9D86-D4511C7532DC}"
EndProject
Global
	GlobalSection(SolutionConfigurationPlatforms) = preSolution
		Debug|Any CPU = Debug|Any CPU
		Debug|x64 = Debug|x64
		Debug|x86 = Debug|x86
		Release|Any CPU = Release|Any CPU
		Release|x64 = Release|x64
		Release|x86 = Release|x86
	EndGlobalSection
	GlobalSection(SolutionProperties) = preSolution
		HideSolutionNode = FALSE
	EndGlobalSection
	GlobalSection(ProjectConfigurationPlatforms) = postSolution
		{54D2E873-5E16-4090-BDC7-5BA0242C858A}.Debug|Any CPU.ActiveCfg = Debug|Any CPU
		{54D2E873-5E16-4090-BDC7-5BA0242C858A}.Debug|Any CPU.Build.0 = Debug|Any CPU
		{54D2E873-5E16-4090-BDC7-5BA0242C858A}.Debug|x64.ActiveCfg = Debug|Any CPU
		{54D2E873-5E16-4090-BDC7-5BA0242C858A}.Debug|x64.Build.0 = Debug|Any CPU
		{54D2E873-5E16-4090-BDC7-5BA0242C858A}.Debug|x86.ActiveCfg = Debug|Any CPU
		{54D2E873-5E16-4090-BDC7-5BA0242C858A}.Debug|x86.Build.0 = Debug|Any CPU
		{54D2E873-5E16-4090-BDC7-5BA0242C858A}.Release|Any CPU.ActiveCfg = Release|Any CPU
		{54D2E873-5E16-4090-BDC7-5BA0242C858A}.Release|Any CPU.Build.0 = Release|Any CPU
		{54D2E873-5E16-4090-BDC7-5BA0242C858A}.Release|x64.ActiveCfg = Release|Any CPU
		{54D2E873-5E16-4090-BDC7-5BA0242C858A}.Release|x64.Build.0 = Release|Any CPU
		{54D2E873-5E16-4090-BDC7-5BA0242C858A}.Release|x86.ActiveCfg = Release|Any CPU
		{54D2E873-5E16-4090-BDC7-5BA0242C858A}.Release|x86.Build.0 = Release|Any CPU
		{BA5F3607-4043-4A7E-9926-657C98D07980}.Debug|Any CPU.ActiveCfg = Debug|Any CPU
		{BA5F3607-4043-4A7E-9926-657C98D07980}.Debug|Any CPU.Build.0 = Debug|Any CPU
		{BA5F3607-4043-4A7E-9926-657C98D07980}.Debug|x64.ActiveCfg = Debug|Any CPU
		{BA5F3607-4043-4A7E-9926-657C98D07980}.Debug|x64.Build.0 = Debug|Any CPU
		{BA5F3607-4043-4A7E-9926-657C98D07980}.Debug|x86.ActiveCfg = Debug|Any CPU
		{BA5F3607-4043-4A7E-9926-657C98D07980}.Debug|x86.Build.0 = Debug|Any CPU
		{BA5F3607-4043-4A7E-9926-657C98D07980}.Release|Any CPU.ActiveCfg = Release|Any CPU
		{BA5F3607-4043-4A7E-9926-657C98D07980}.Release|Any CPU.Build.0 = Release|Any CPU
		{BA5F3607-4043-4A7E-9926-657C98D07980}.Release|x64.ActiveCfg = Release|Any CPU
		{BA5F3607-4043-4A7E-9926-657C98D07980}.Release|x64.Build.0 = Release|Any CPU
		{BA5F3607-4043-4A7E-9926-657C98D07980}.Release|x86.ActiveCfg = Release|Any CPU
		{BA5F3607-4043-4A7E-9926-657C98D07980}.Release|x86.Build.0 = Release|Any CPU
		{7D4366A1-3579-4229-B28A-4E782875058B}.Debug|Any CPU.ActiveCfg = Debug|Any CPU
		{7D4366A1-3579-4229-B28A-4E782875058B}.Debug|Any CPU.Build.0 = Debug|Any CPU
		{7D4366A1-3579-4229-B28A-4E782875058B}.Debug|x64.ActiveCfg = Debug|Any CPU
		{7D4366A1-3579-4229-B28A-4E782875058B}.Debug|x64.Build.0 = Debug|Any CPU
		{7D4366A1-3579-4229-B28A-4E782875058B}.Debug|x86.ActiveCfg = Debug|Any CPU
		{7D4366A1-3579-4229-B28A-4E782875058B}.Debug|x86.Build.0 = Debug|Any CPU
		{7D4366A1-3579-4229-B28A-4E782875058B}.Release|Any CPU.ActiveCfg = Release|Any CPU
		{7D4366A1-3579-4229-B28A-4E782875058B}.Release|Any CPU.Build.0 = Release|Any CPU
		{7D4366A1-3579-4229-B28A-4E782875058B}.Release|x64.ActiveCfg = Release|Any CPU
		{7D4366A1-3579-4229-B28A-4E782875058B}.Release|x64.Build.0 = Release|Any CPU
		{7D4366A1-3579-4229-B28A-4E782875058B}.Release|x86.ActiveCfg = Release|Any CPU
		{7D4366A1-3579-4229-B28A-4E782875058B}.Release|x86.Build.0 = Release|Any CPU
		{8E5C7DCA-766E-4ECE-B3E6-D18D5398FFB2}.Debug|Any CPU.ActiveCfg = Debug|Any CPU
		{8E5C7DCA-766E-4ECE-B3E6-D18D5398FFB2}.Debug|Any CPU.Build.0 = Debug|Any CPU
		{8E5C7DCA-766E-4ECE-B3E6-D18D5398FFB2}.Debug|x64.ActiveCfg = Debug|Any CPU
		{8E5C7DCA-766E-4ECE-B3E6-D18D5398FFB2}.Debug|x64.Build.0 = Debug|Any CPU
		{8E5C7DCA-766E-4ECE-B3E6-D18D5398FFB2}.Debug|x86.ActiveCfg = Debug|Any CPU
		{8E5C7DCA-766E-4ECE-B3E6-D18D5398FFB2}.Debug|x86.Build.0 = Debug|Any CPU
		{8E5C7DCA-766E-4ECE-B3E6-D18D5398FFB2}.Release|Any CPU.ActiveCfg = Release|Any CPU
		{8E5C7DCA-766E-4ECE-B3E6-D18D5398FFB2}.Release|Any CPU.Build.0 = Release|Any CPU
		{8E5C7DCA-766E-4ECE-B3E6-D18D5398FFB2}.Release|x64.ActiveCfg = Release|Any CPU
		{8E5C7DCA-766E-4ECE-B3E6-D18D5398FFB2}.Release|x64.Build.0 = Release|Any CPU
		{8E5C7DCA-766E-4ECE-B3E6-D18D5398FFB2}.Release|x86.ActiveCfg = Release|Any CPU
		{8E5C7DCA-766E-4ECE-B3E6-D18D5398FFB2}.Release|x86.Build.0 = Release|Any CPU
		{C9FEF670-AC49-4BCD-92F1-3D91DBCD5A17}.Debug|Any CPU.ActiveCfg = Debug|Any CPU
		{C9FEF670-AC49-4BCD-92F1-3D91DBCD5A17}.Debug|Any CPU.Build.0 = Debug|Any CPU
		{C9FEF670-AC49-4BCD-92F1-3D91DBCD5A17}.Debug|x64.ActiveCfg = Debug|Any CPU
		{C9FEF670-AC49-4BCD-92F1-3D91DBCD5A17}.Debug|x64.Build.0 = Debug|Any CPU
		{C9FEF670-AC49-4BCD-92F1-3D91DBCD5A17}.Debug|x86.ActiveCfg = Debug|Any CPU
		{C9FEF670-AC49-4BCD-92F1-3D91DBCD5A17}.Debug|x86.Build.0 = Debug|Any CPU
		{C9FEF670-AC49-4BCD-92F1-3D91DBCD5A17}.Release|Any CPU.ActiveCfg = Release|Any CPU
		{C9FEF670-AC49-4BCD-92F1-3D91DBCD5A17}.Release|Any CPU.Build.0 = Release|Any CPU
		{C9FEF670-AC49-4BCD-92F1-3D91DBCD5A17}.Release|x64.ActiveCfg = Release|Any CPU
		{C9FEF670-AC49-4BCD-92F1-3D91DBCD5A17}.Release|x64.Build.0 = Release|Any CPU
		{C9FEF670-AC49-4BCD-92F1-3D91DBCD5A17}.Release|x86.ActiveCfg = Release|Any CPU
		{C9FEF670-AC49-4BCD-92F1-3D91DBCD5A17}.Release|x86.Build.0 = Release|Any CPU
		{7AF6BCBC-4234-4444-8593-702DB75CF2BF}.Debug|Any CPU.ActiveCfg = Debug|Any CPU
		{7AF6BCBC-4234-4444-8593-702DB75CF2BF}.Debug|Any CPU.Build.0 = Debug|Any CPU
		{7AF6BCBC-4234-4444-8593-702DB75CF2BF}.Debug|x64.ActiveCfg = Debug|Any CPU
		{7AF6BCBC-4234-4444-8593-702DB75CF2BF}.Debug|x64.Build.0 = Debug|Any CPU
		{7AF6BCBC-4234-4444-8593-702DB75CF2BF}.Debug|x86.ActiveCfg = Debug|Any CPU
		{7AF6BCBC-4234-4444-8593-702DB75CF2BF}.Debug|x86.Build.0 = Debug|Any CPU
		{7AF6BCBC-4234-4444-8593-702DB75CF2BF}.Release|Any CPU.ActiveCfg = Release|Any CPU
		{7AF6BCBC-4234-4444-8593-702DB75CF2BF}.Release|Any CPU.Build.0 = Release|Any CPU
		{7AF6BCBC-4234-4444-8593-702DB75CF2BF}.Release|x64.ActiveCfg = Release|Any CPU
		{7AF6BCBC-4234-4444-8593-702DB75CF2BF}.Release|x64.Build.0 = Release|Any CPU
		{7AF6BCBC-4234-4444-8593-702DB75CF2BF}.Release|x86.ActiveCfg = Release|Any CPU
		{7AF6BCBC-4234-4444-8593-702DB75CF2BF}.Release|x86.Build.0 = Release|Any CPU
		{A1175FC4-E0EF-4317-8893-A0317F8A4D68}.Debug|Any CPU.ActiveCfg = Debug|Any CPU
		{A1175FC4-E0EF-4317-8893-A0317F8A4D68}.Debug|Any CPU.Build.0 = Debug|Any CPU
		{A1175FC4-E0EF-4317-8893-A0317F8A4D68}.Debug|x64.ActiveCfg = Debug|Any CPU
		{A1175FC4-E0EF-4317-8893-A0317F8A4D68}.Debug|x64.Build.0 = Debug|Any CPU
		{A1175FC4-E0EF-4317-8893-A0317F8A4D68}.Debug|x86.ActiveCfg = Debug|Any CPU
		{A1175FC4-E0EF-4317-8893-A0317F8A4D68}.Debug|x86.Build.0 = Debug|Any CPU
		{A1175FC4-E0EF-4317-8893-A0317F8A4D68}.Release|Any CPU.ActiveCfg = Release|Any CPU
		{A1175FC4-E0EF-4317-8893-A0317F8A4D68}.Release|Any CPU.Build.0 = Release|Any CPU
		{A1175FC4-E0EF-4317-8893-A0317F8A4D68}.Release|x64.ActiveCfg = Release|Any CPU
		{A1175FC4-E0EF-4317-8893-A0317F8A4D68}.Release|x64.Build.0 = Release|Any CPU
		{A1175FC4-E0EF-4317-8893-A0317F8A4D68}.Release|x86.ActiveCfg = Release|Any CPU
		{A1175FC4-E0EF-4317-8893-A0317F8A4D68}.Release|x86.Build.0 = Release|Any CPU
		{25812063-5177-471C-9433-11A4C765AF4F}.Debug|Any CPU.ActiveCfg = Debug|Any CPU
		{25812063-5177-471C-9433-11A4C765AF4F}.Debug|Any CPU.Build.0 = Debug|Any CPU
		{25812063-5177-471C-9433-11A4C765AF4F}.Debug|x64.ActiveCfg = Debug|Any CPU
		{25812063-5177-471C-9433-11A4C765AF4F}.Debug|x64.Build.0 = Debug|Any CPU
		{25812063-5177-471C-9433-11A4C765AF4F}.Debug|x86.ActiveCfg = Debug|Any CPU
		{25812063-5177-471C-9433-11A4C765AF4F}.Debug|x86.Build.0 = Debug|Any CPU
		{25812063-5177-471C-9433-11A4C765AF4F}.Release|Any CPU.ActiveCfg = Release|Any CPU
		{25812063-5177-471C-9433-11A4C765AF4F}.Release|Any CPU.Build.0 = Release|Any CPU
		{25812063-5177-471C-9433-11A4C765AF4F}.Release|x64.ActiveCfg = Release|Any CPU
		{25812063-5177-471C-9433-11A4C765AF4F}.Release|x64.Build.0 = Release|Any CPU
		{25812063-5177-471C-9433-11A4C765AF4F}.Release|x86.ActiveCfg = Release|Any CPU
		{25812063-5177-471C-9433-11A4C765AF4F}.Release|x86.Build.0 = Release|Any CPU
		{03D938D6-F9F3-4EE7-B163-2838BF3640B6}.Debug|Any CPU.ActiveCfg = Debug|Any CPU
		{03D938D6-F9F3-4EE7-B163-2838BF3640B6}.Debug|Any CPU.Build.0 = Debug|Any CPU
		{03D938D6-F9F3-4EE7-B163-2838BF3640B6}.Debug|x64.ActiveCfg = Debug|Any CPU
		{03D938D6-F9F3-4EE7-B163-2838BF3640B6}.Debug|x64.Build.0 = Debug|Any CPU
		{03D938D6-F9F3-4EE7-B163-2838BF3640B6}.Debug|x86.ActiveCfg = Debug|Any CPU
		{03D938D6-F9F3-4EE7-B163-2838BF3640B6}.Debug|x86.Build.0 = Debug|Any CPU
		{03D938D6-F9F3-4EE7-B163-2838BF3640B6}.Release|Any CPU.ActiveCfg = Release|Any CPU
		{03D938D6-F9F3-4EE7-B163-2838BF3640B6}.Release|Any CPU.Build.0 = Release|Any CPU
		{03D938D6-F9F3-4EE7-B163-2838BF3640B6}.Release|x64.ActiveCfg = Release|Any CPU
		{03D938D6-F9F3-4EE7-B163-2838BF3640B6}.Release|x64.Build.0 = Release|Any CPU
		{03D938D6-F9F3-4EE7-B163-2838BF3640B6}.Release|x86.ActiveCfg = Release|Any CPU
		{03D938D6-F9F3-4EE7-B163-2838BF3640B6}.Release|x86.Build.0 = Release|Any CPU
		{BDA3B492-110A-4964-BC7D-58DA9C70ED19}.Debug|Any CPU.ActiveCfg = Debug|Any CPU
		{BDA3B492-110A-4964-BC7D-58DA9C70ED19}.Debug|Any CPU.Build.0 = Debug|Any CPU
		{BDA3B492-110A-4964-BC7D-58DA9C70ED19}.Debug|x64.ActiveCfg = Debug|Any CPU
		{BDA3B492-110A-4964-BC7D-58DA9C70ED19}.Debug|x64.Build.0 = Debug|Any CPU
		{BDA3B492-110A-4964-BC7D-58DA9C70ED19}.Debug|x86.ActiveCfg = Debug|Any CPU
		{BDA3B492-110A-4964-BC7D-58DA9C70ED19}.Debug|x86.Build.0 = Debug|Any CPU
		{BDA3B492-110A-4964-BC7D-58DA9C70ED19}.Release|Any CPU.ActiveCfg = Release|Any CPU
		{BDA3B492-110A-4964-BC7D-58DA9C70ED19}.Release|Any CPU.Build.0 = Release|Any CPU
		{BDA3B492-110A-4964-BC7D-58DA9C70ED19}.Release|x64.ActiveCfg = Release|Any CPU
		{BDA3B492-110A-4964-BC7D-58DA9C70ED19}.Release|x64.Build.0 = Release|Any CPU
		{BDA3B492-110A-4964-BC7D-58DA9C70ED19}.Release|x86.ActiveCfg = Release|Any CPU
		{BDA3B492-110A-4964-BC7D-58DA9C70ED19}.Release|x86.Build.0 = Release|Any CPU
		{88C069D4-D97C-4A20-9D86-D4511C7532DC}.Debug|Any CPU.ActiveCfg = Debug|Any CPU
		{88C069D4-D97C-4A20-9D86-D4511C7532DC}.Debug|Any CPU.Build.0 = Debug|Any CPU
		{88C069D4-D97C-4A20-9D86-D4511C7532DC}.Debug|x64.ActiveCfg = Debug|Any CPU
		{88C069D4-D97C-4A20-9D86-D4511C7532DC}.Debug|x64.Build.0 = Debug|Any CPU
		{88C069D4-D97C-4A20-9D86-D4511C7532DC}.Debug|x86.ActiveCfg = Debug|Any CPU
		{88C069D4-D97C-4A20-9D86-D4511C7532DC}.Debug|x86.Build.0 = Debug|Any CPU
		{88C069D4-D97C-4A20-9D86-D4511C7532DC}.Release|Any CPU.ActiveCfg = Release|Any CPU
		{88C069D4-D97C-4A20-9D86-D4511C7532DC}.Release|Any CPU.Build.0 = Release|Any CPU
		{88C069D4-D97C-4A20-9D86-D4511C7532DC}.Release|x64.ActiveCfg = Release|Any CPU
		{88C069D4-D97C-4A20-9D86-D4511C7532DC}.Release|x64.Build.0 = Release|Any CPU
		{88C069D4-D97C-4A20-9D86-D4511C7532DC}.Release|x86.ActiveCfg = Release|Any CPU
		{88C069D4-D97C-4A20-9D86-D4511C7532DC}.Release|x86.Build.0 = Release|Any CPU
	EndGlobalSection
	GlobalSection(NestedProjects) = preSolution
		{BA5F3607-4043-4A7E-9926-657C98D07980} = {D5351D57-8651-4863-9E4B-7A841A73062A}
		{CAF759C3-0216-464F-B63A-519320809166} = {D5351D57-8651-4863-9E4B-7A841A73062A}
		{7D4366A1-3579-4229-B28A-4E782875058B} = {CAF759C3-0216-464F-B63A-519320809166}
		{8E5C7DCA-766E-4ECE-B3E6-D18D5398FFB2} = {CAF759C3-0216-464F-B63A-519320809166}
		{C9FEF670-AC49-4BCD-92F1-3D91DBCD5A17} = {CAF759C3-0216-464F-B63A-519320809166}
		{610EC413-23F8-43BA-AA6B-D12E72C0B96E} = {D5351D57-8651-4863-9E4B-7A841A73062A}
		{7AF6BCBC-4234-4444-8593-702DB75CF2BF} = {610EC413-23F8-43BA-AA6B-D12E72C0B96E}
		{25812063-5177-471C-9433-11A4C765AF4F} = {610EC413-23F8-43BA-AA6B-D12E72C0B96E}
		{729693DC-E319-47C9-9718-FE228CDDDCAB} = {D5351D57-8651-4863-9E4B-7A841A73062A}
		{03D938D6-F9F3-4EE7-B163-2838BF3640B6} = {729693DC-E319-47C9-9718-FE228CDDDCAB}
		{BDA3B492-110A-4964-BC7D-58DA9C70ED19} = {729693DC-E319-47C9-9718-FE228CDDDCAB}
		{88C069D4-D97C-4A20-9D86-D4511C7532DC} = {729693DC-E319-47C9-9718-FE228CDDDCAB}
	EndGlobalSection
EndGlobal
